// !$*UTF8*$!
{
	archiveVersion = 1;
	classes = {
	};
	objectVersion = 56;
	objects = {

/* Begin PBXBuildFile section */
		33CD6888FE1CF6D3F34DA7CD /* ResetApp.swift in Sources */ = {isa = PBXBuildFile; fileRef = 636B3BAE8790988127FAD8C6 /* ResetApp.swift */; };
		06F90088F7DFBF95EB163EE5 = {isa = PBXBuildFile; fileRef = 60BD63DD6E99E2BECD6A8923; };
		12FA0BA852E6002563782A3C = {isa = PBXBuildFile; fileRef = 044A94C6C3A667A61050D390; };
		CA640523952BDEF158346D79 = {isa = PBXBuildFile; fileRef = E86B5E76115E9DA8DA2E7EF6; };
		16C9C0423C0F6041126EAC5E = {isa = PBXBuildFile; fileRef = BEE782EF5322E23DC5BE23EA; };
		E777F3F54299B87AE4115C8A = {isa = PBXBuildFile; productRef = E13B0BAD890D91CB1460FDA0; };
		2F10CA096CA665AEEA8D1801 = {isa = PBXBuildFile; productRef = 7EDD55A28A77204F3483F0F5; };
		88170024456B424A60908A50 = {isa = PBXBuildFile; fileRef = A4E04E1325D05DA1724A80B8; };
		BC22646DF39350AC0C612A6D /* WelcomeView.swift in Sources */ = {isa = PBXBuildFile; fileRef = 89F8E520F1FE8F0875963752; };
/* End PBXBuildFile section */

/* Begin PBXFileReference section */
		5C365B4141580BA259829F83 /* Reset.app */ = {isa = PBXFileReference; explicitFileType = wrapper.application; includeInIndex = 0; path = Reset.app; sourceTree = BUILT_PRODUCTS_DIR; };
		5B8C52FE6E12442F55363AB6 /* FoundationTokens.swift */ = {isa = PBXFileReference; lastKnownFileType = sourcecode.swift; path = FoundationTokens.swift; sourceTree = "<group>"; };
		B74E89ACE12686A5167E014C /* ResetCore.swift */ = {isa = PBXFileReference; lastKnownFileType = sourcecode.swift; path = ResetCore.swift; sourceTree = "<group>"; };
		636B3BAE8790988127FAD8C6 /* ResetApp.swift */ = {isa = PBXFileReference; lastKnownFileType = sourcecode.swift; path = Sources/ResetApp/ResetApp.swift; sourceTree = SOURCE_ROOT; };
		EC588BB3EF735EEF95164EB3 /* Info.plist */ = {isa = PBXFileReference; lastKnownFileType = text.plist.xml; path = ResetInfo.plist; sourceTree = SOURCE_ROOT; };
		89F8E520F1FE8F0875963752 /* WelcomeView.swift */ = {isa = PBXFileReference; lastKnownFileType = sourcecode.swift; path = Sources/ResetApp/WelcomeView.swift; sourceTree = SOURCE_ROOT; };
		CF846050BE45D0CBAAFBE7DB /* Reset.xcscheme */ = {isa = PBXFileReference; lastKnownFileType = text; path = Reset.xcscheme; sourceTree = "<group>"; };
		60BD63DD6E99E2BECD6A8923 = {isa = PBXFileReference; lastKnownFileType = sourcecode.swift; path = Sources/ResetApp/TodayView.swift; sourceTree = SOURCE_ROOT; };
		044A94C6C3A667A61050D390 = {isa = PBXFileReference; lastKnownFileType = sourcecode.swift; path = Sources/ResetApp/HabitComponents.swift; sourceTree = SOURCE_ROOT; };
		E86B5E76115E9DA8DA2E7EF6 = {isa = PBXFileReference; lastKnownFileType = sourcecode.swift; path = Sources/ResetApp/ProgressViewScreen.swift; sourceTree = SOURCE_ROOT; };
		BEE782EF5322E23DC5BE23EA = {isa = PBXFileReference; lastKnownFileType = sourcecode.swift; path = Sources/ResetApp/SettingsView.swift; sourceTree = SOURCE_ROOT; };
		A4E04E1325D05DA1724A80B8 = {isa = PBXFileReference; lastKnownFileType = sourcecode.swift; path = Tests/ResetUITests/ResetUITests.swift; sourceTree = SOURCE_ROOT; };
		19076F13E1DBDB4337E1078D = {isa = PBXFileReference; explicitFileType = wrapper.cfbundle; path = ResetUITests.xctest; sourceTree = BUILT_PRODUCTS_DIR; };
/* End PBXFileReference section */

/* Begin PBXFrameworksBuildPhase section */
		EDD9DF4A0EB60097E3D0F25A /* Frameworks */ = {isa = PBXFrameworksBuildPhase; buildActionMask = 2147483647; files = (E777F3F54299B87AE4115C8A, 2F10CA096CA665AEEA8D1801); runOnlyForDeploymentPostprocessing = 0; };
/* End PBXFrameworksBuildPhase section */

/* Begin PBXGroup section */
		7BF0DBFB31C6B4C64A317C21 = {isa = PBXGroup; children = (A4E04E1325D05DA1724A80B8, 494037FF3C386BA10A0678FF, E51F78EF57850EDE17FBB6E2, B2FF50EB97CE34858FA0E3A2, 72D83A9D7C56A49B5899B0BD, 3C1233817542F84470D90F3B); sourceTree = "<group>"; };
		494037FF3C386BA10A0678FF /* Reset */ = {isa = PBXGroup; children = (89F8E520F1FE8F0875963752, 60BD63DD6E99E2BECD6A8923, 044A94C6C3A667A61050D390, E86B5E76115E9DA8DA2E7EF6, BEE782EF5322E23DC5BE23EA, 636B3BAE8790988127FAD8C6, EC588BB3EF735EEF95164EB3); name = Reset; sourceTree = "<group>"; };
		E51F78EF57850EDE17FBB6E2 /* AppFoundation */ = {isa = PBXGroup; children = (5B8C52FE6E12442F55363AB6); path = Sources/AppFoundation; sourceTree = "<group>"; };
		B2FF50EB97CE34858FA0E3A2 /* ResetCore */ = {isa = PBXGroup; children = (B74E89ACE12686A5167E014C); path = Sources/ResetCore; sourceTree = "<group>"; };
		72D83A9D7C56A49B5899B0BD /* Products */ = {isa = PBXGroup; children = (5C365B4141580BA259829F83, 19076F13E1DBDB4337E1078D); name = Products; sourceTree = "<group>"; };
		3C1233817542F84470D90F3B /* Schemes */ = {isa = PBXGroup; children = (CF846050BE45D0CBAAFBE7DB); path = Reset.xcodeproj/xcshareddata/xcschemes; sourceTree = "<group>"; };
/* End PBXGroup section */

/* Begin PBXNativeTarget section */
		D1CF6C5D49B997BB83D16C65 /* Reset */ = {isa = PBXNativeTarget; buildConfigurationList = A4FB51063440F13F1F625A74 /* Build configuration list for PBXNativeTarget "Reset" */; buildPhases = (FC8539BDE36209335D4A3288, EDD9DF4A0EB60097E3D0F25A, F52CD64C8351FE360241BCF5); buildRules = (); dependencies = (); name = Reset; packageProductDependencies = (E13B0BAD890D91CB1460FDA0, 7EDD55A28A77204F3483F0F5); productName = Reset; productReference = 5C365B4141580BA259829F83 /* Reset.app */; productType = "com.apple.product-type.application"; };
		10AE6EB803E9B973D063584D = {isa = PBXNativeTarget; buildConfigurationList = E1413BFFF3B61B7680E76DCA; buildPhases = (3F3C4937647CF35A57F9FA4B); buildRules = (); dependencies = (9AB269C3C8BA1FB550FFAD2C); name = ResetUITests; productName = ResetUITests; productReference = 19076F13E1DBDB4337E1078D; productType = "com.apple.product-type.bundle.ui-testing"; };
/* End PBXNativeTarget section */
		3F3C4937647CF35A57F9FA4B = {isa = PBXSourcesBuildPhase; buildActionMask = 2147483647; files = (88170024456B424A60908A50); runOnlyForDeploymentPostprocessing = 0; };
		9AB269C3C8BA1FB550FFAD2C = {isa = PBXTargetDependency; target = D1CF6C5D49B997BB83D16C65; targetProxy = 05288713B313B9F7BCEAE32E; };
		05288713B313B9F7BCEAE32E = {isa = PBXContainerItemProxy; containerPortal = 05867016E8DF312FE835ACAE; proxyType = 1; remoteGlobalIDString = D1CF6C5D49B997BB83D16C65; remoteInfo = Reset; };
		E1413BFFF3B61B7680E76DCA = {isa = XCConfigurationList; buildConfigurations = (62D773FB08C394867474EA0E, 2E27BC212BED08495EAC6747); defaultConfigurationIsVisible = 0; defaultConfigurationName = Release; };
		62D773FB08C394867474EA0E = {isa = XCBuildConfiguration; buildSettings = {GENERATE_INFOPLIST_FILE = YES; IPHONEOS_DEPLOYMENT_TARGET = 17.0; PRODUCT_BUNDLE_IDENTIFIER = com.maksym1503.reset.uitests; PRODUCT_NAME = "$(TARGET_NAME)"; SDKROOT = iphoneos; SUPPORTED_PLATFORMS = "iphoneos iphonesimulator"; SWIFT_VERSION = 5.9; TARGETED_DEVICE_FAMILY = 1; TEST_TARGET_NAME = Reset; }; name = Debug; };
		2E27BC212BED08495EAC6747 = {isa = XCBuildConfiguration; buildSettings = {GENERATE_INFOPLIST_FILE = YES; IPHONEOS_DEPLOYMENT_TARGET = 17.0; PRODUCT_BUNDLE_IDENTIFIER = com.maksym1503.reset.uitests; PRODUCT_NAME = "$(TARGET_NAME)"; SDKROOT = iphoneos; SUPPORTED_PLATFORMS = "iphoneos iphonesimulator"; SWIFT_VERSION = 5.9; TARGETED_DEVICE_FAMILY = 1; TEST_TARGET_NAME = Reset; }; name = Release; };

/* Begin PBXProject section */
		05867016E8DF312FE835ACAE /* Project object */ = {isa = PBXProject; attributes = {LastUpgradeCheck = 2660; TargetAttributes = {D1CF6C5D49B997BB83D16C65 = {CreatedOnToolsVersion = 26.6; }; }; }; buildConfigurationList = F7DB7606F8DE547861740F30 /* Build configuration list for PBXProject "Reset" */; compatibilityVersion = "Xcode 14.0"; developmentRegion = en; hasScannedForEncodings = 0; knownRegions = (en, Base); mainGroup = 7BF0DBFB31C6B4C64A317C21; productRefGroup = 72D83A9D7C56A49B5899B0BD /* Products */; packageReferences = (F028169A1C92C582BB20697F); projectDirPath = ""; projectRoot = ""; targets = (D1CF6C5D49B997BB83D16C65 /* Reset */, 10AE6EB803E9B973D063584D); };
/* End PBXProject section */

/* Begin PBXResourcesBuildPhase section */
		F52CD64C8351FE360241BCF5 /* Resources */ = {isa = PBXResourcesBuildPhase; buildActionMask = 2147483647; files = (); runOnlyForDeploymentPostprocessing = 0; };
/* End PBXResourcesBuildPhase section */

/* Begin PBXSourcesBuildPhase section */
		FC8539BDE36209335D4A3288 /* Sources */ = {isa = PBXSourcesBuildPhase; buildActionMask = 2147483647; files = (33CD6888FE1CF6D3F34DA7CD, BC22646DF39350AC0C612A6D, 16C9C0423C0F6041126EAC5E, CA640523952BDEF158346D79, 12FA0BA852E6002563782A3C, 06F90088F7DFBF95EB163EE5); runOnlyForDeploymentPostprocessing = 0; };
/* End PBXSourcesBuildPhase section */

/* Begin XCLocalSwiftPackageReference section */
		F028169A1C92C582BB20697F = {isa = XCLocalSwiftPackageReference; relativePath = .; };
/* End XCLocalSwiftPackageReference section */
/* Begin XCSwiftPackageProductDependency section */
		E13B0BAD890D91CB1460FDA0 = {isa = XCSwiftPackageProductDependency; package = F028169A1C92C582BB20697F; productName = ResetFoundation; };
		7EDD55A28A77204F3483F0F5 = {isa = XCSwiftPackageProductDependency; package = F028169A1C92C582BB20697F; productName = ResetCore; };
/* End XCSwiftPackageProductDependency section */

/* Begin XCBuildConfiguration section */
		32C5C8AC1ADB43D2129ADDAE /* Debug */ = {isa = XCBuildConfiguration; buildSettings = {CURRENT_PROJECT_VERSION = 2; GENERATE_INFOPLIST_FILE = NO; INFOPLIST_FILE = ResetInfo.plist; IPHONEOS_DEPLOYMENT_TARGET = 17.0; PRODUCT_BUNDLE_IDENTIFIER = com.maksym1503.reset; PRODUCT_NAME = "$(TARGET_NAME)"; SDKROOT = iphoneos; SUPPORTED_PLATFORMS = "iphoneos iphonesimulator"; SWIFT_VERSION = 5.9; TARGETED_DEVICE_FAMILY = 1; }; name = Debug; };
		68007EC4505A824801664ED3 /* Release */ = {isa = XCBuildConfiguration; buildSettings = {CURRENT_PROJECT_VERSION = 2; GENERATE_INFOPLIST_FILE = NO; INFOPLIST_FILE = ResetInfo.plist; IPHONEOS_DEPLOYMENT_TARGET = 17.0; PRODUCT_BUNDLE_IDENTIFIER = com.maksym1503.reset; PRODUCT_NAME = "$(TARGET_NAME)"; SDKROOT = iphoneos; SUPPORTED_PLATFORMS = "iphoneos iphonesimulator"; SWIFT_VERSION = 5.9; TARGETED_DEVICE_FAMILY = 1; }; name = Release; };
		13D0992CBEC4D8BF18040477 /* Project Debug */ = {isa = XCBuildConfiguration; buildSettings = {ALWAYS_SEARCH_USER_PATHS = NO; CLANG_ENABLE_MODULES = YES; SWIFT_OPTIMIZATION_LEVEL = "-Onone"; ONLY_ACTIVE_ARCH = YES; }; name = Debug; };
		DD59162E3D554A11AF2F0001 /* Project Release */ = {isa = XCBuildConfiguration; buildSettings = {ALWAYS_SEARCH_USER_PATHS = NO; CLANG_ENABLE_MODULES = YES; SWIFT_OPTIMIZATION_LEVEL = "-O"; }; name = Release; };
/* End XCBuildConfiguration section */

/* Begin XCConfigurationList section */
		A4FB51063440F13F1F625A74 /* Build configuration list for PBXNativeTarget "Reset" */ = {isa = XCConfigurationList; buildConfigurations = (32C5C8AC1ADB43D2129ADDAE, 68007EC4505A824801664ED3); defaultConfigurationIsVisible = 0; defaultConfigurationName = Release; };
		F7DB7606F8DE547861740F30 /* Build configuration list for PBXProject "Reset" */ = {isa = XCConfigurationList; buildConfigurations = (13D0992CBEC4D8BF18040477, DD59162E3D554A11AF2F0001); defaultConfigurationIsVisible = 0; defaultConfigurationName = Release; };
/* End XCConfigurationList section */
	};
	rootObject = 05867016E8DF312FE835ACAE /* Project object */;
}
